<?xml version="1.0" encoding="utf-8"?>
<Project ToolsVersion="4.0" xmlns="http://schemas.microsoft.com/developer/msbuild/2003">
  <ItemGroup>
    <ClCompile Include="bit_flag_generator.cpp">
      <Filter>src</Filter>
    </ClCompile>
    <ClCompile Include="asset_cache_mgr.cpp">
      <Filter>src</Filter>
    </ClCompile>
    <ClCompile Include="engine.cpp">
      <Filter>src</Filter>
    </ClCompile>
    <ClCompile Include="entity.cpp">
      <Filter>src</Filter>
    </ClCompile>
    <ClCompile Include="entity_component.cpp">
      <Filter>src</Filter>
    </ClCompile>
    <ClCompile Include="game.cpp">
      <Filter>src</Filter>
    </ClCompile>
    <ClCompile Include="life_cycle_mgr.cpp">
      <Filter>src</Filter>
    </ClCompile>
    <ClCompile Include="impl_header_only.cpp">
      <Filter>src</Filter>
    </ClCompile>
    <ClCompile Include="keyvalues.cpp">
      <Filter>src</Filter>
    </ClCompile>
    <ClCompile Include="logfile.cpp">
      <Filter>src</Filter>
    </ClCompile>
    <ClCompile Include="timer.cpp">
      <Filter>src</Filter>
    </ClCompile>
    <ClCompile Include="tokenizer.cpp">
      <Filter>src</Filter>
    </ClCompile>
    <ClCompile Include="window.cpp">
      <Filter>src</Filter>
    </ClCompile>
    <ClCompile Include="parser.cpp">
      <Filter>src</Filter>
    </ClCompile>
    <ClCompile Include="clock.cpp">
      <Filter>src</Filter>
    </ClCompile>
    <ClCompile Include="box2d_physics_contact_listener.cpp">
      <Filter>src\box2d_physics_</Filter>
    </ClCompile>
    <ClCompile Include="box2d_physics_debug_draw.cpp">
      <Filter>src\box2d_physics_</Filter>
    </ClCompile>
    <ClCompile Include="box2d_physics_query.cpp">
      <Filter>src\box2d_physics_</Filter>
    </ClCompile>
    <ClCompile Include="box2d_physics_query_callbacks.cpp">
      <Filter>src\box2d_physics_</Filter>
    </ClCompile>
    <ClCompile Include="slice_def_asset.cpp">
      <Filter>src\assets</Filter>
    </ClCompile>
    <ClCompile Include="cursor_asset.cpp">
      <Filter>src\assets</Filter>
    </ClCompile>
    <ClCompile Include="emitter_parameters_asset.cpp">
      <Filter>src\assets</Filter>
    </ClCompile>
    <ClCompile Include="font_asset.cpp">
      <Filter>src\assets</Filter>
    </ClCompile>
    <ClCompile Include="gradient_source_asset.cpp">
      <Filter>src\assets</Filter>
    </ClCompile>
    <ClCompile Include="mesh_asset.cpp">
      <Filter>src\assets</Filter>
    </ClCompile>
    <ClCompile Include="palette_asset.cpp">
      <Filter>src\assets</Filter>
    </ClCompile>
    <ClCompile Include="sound_asset.cpp">
      <Filter>src\assets</Filter>
    </ClCompile>
    <ClCompile Include="texture_source_asset.cpp">
      <Filter>src\assets</Filter>
    </ClCompile>
    <ClCompile Include="texture_asset.cpp">
      <Filter>src\assets</Filter>
    </ClCompile>
    <ClCompile Include="file_disk.cpp">
      <Filter>src\file_io</Filter>
    </ClCompile>
    <ClCompile Include="file_mem.cpp">
      <Filter>src\file_io</Filter>
    </ClCompile>
    <ClCompile Include="file_zip.cpp">
      <Filter>src\file_io</Filter>
    </ClCompile>
    <ClCompile Include="file_system.cpp">
      <Filter>src\file_io</Filter>
    </ClCompile>
    <ClCompile Include="scene.cpp">
      <Filter>src\scenes</Filter>
    </ClCompile>
    <ClCompile Include="scene_esc_menu.cpp">
      <Filter>src\scenes</Filter>
    </ClCompile>
    <ClCompile Include="scene_mgr.cpp">
      <Filter>src\scenes</Filter>
    </ClCompile>
    <ClCompile Include="particle.cpp">
      <Filter>src\particles</Filter>
    </ClCompile>
    <ClCompile Include="particle_emitter.cpp">
      <Filter>src\particles</Filter>
    </ClCompile>
    <ClCompile Include="particle_pool.cpp">
      <Filter>src\particles</Filter>
    </ClCompile>
    <ClCompile Include="particle_spawner.cpp">
      <Filter>src\particles</Filter>
    </ClCompile>
    <ClCompile Include="asset.cpp">
      <Filter>src\assets</Filter>
    </ClCompile>
    <ClCompile Include="asset_file_definition.cpp">
      <Filter>src\assets</Filter>
    </ClCompile>
    <ClCompile Include="ui_callback.cpp">
      <Filter>src\ui</Filter>
    </ClCompile>
    <ClCompile Include="ui_control.cpp">
      <Filter>src\ui</Filter>
    </ClCompile>
    <ClCompile Include="ui_mgr.cpp">
      <Filter>src\ui</Filter>
    </ClCompile>
    <ClCompile Include="master_pch.cpp">
      <Filter>src\master</Filter>
    </ClCompile>
    <ClCompile Include="master_header.cpp">
      <Filter>src\master</Filter>
    </ClCompile>
    <ClCompile Include="index_buffer.cpp">
      <Filter>src\render</Filter>
    </ClCompile>
    <ClCompile Include="primitive_batch.cpp">
      <Filter>src\render</Filter>
    </ClCompile>
    <ClCompile Include="render_stats.cpp">
      <Filter>src\render</Filter>
    </ClCompile>
    <ClCompile Include="shader.cpp">
      <Filter>src\render</Filter>
    </ClCompile>
    <ClCompile Include="vertex_array_object.cpp">
      <Filter>src\render</Filter>
    </ClCompile>
    <ClCompile Include="vertex_buffer.cpp">
      <Filter>src\render</Filter>
    </ClCompile>
    <ClCompile Include="render.cpp">
      <Filter>src\render</Filter>
    </ClCompile>
    <ClCompile Include="ui_result.cpp">
      <Filter>src\ui</Filter>
    </ClCompile>
    <ClCompile Include="ui_control_data.cpp">
      <Filter>src\ui</Filter>
    </ClCompile>
    <ClCompile Include="scene_msg_box.cpp">
      <Filter>src\scenes</Filter>
    </ClCompile>
    <ClCompile Include="transform.cpp">
      <Filter>src</Filter>
    </ClCompile>
    <ClCompile Include="util_string.cpp">
      <Filter>src</Filter>
    </ClCompile>
    <ClCompile Include="opengl.cpp">
      <Filter>src\opengl</Filter>
    </ClCompile>
    <ClCompile Include="opengl_framebuffer.cpp">
      <Filter>src\opengl</Filter>
    </ClCompile>
    <ClCompile Include="opengl_color_attachment.cpp">
      <Filter>src\opengl</Filter>
    </ClCompile>
    <ClCompile Include="matrix.cpp">
      <Filter>src\math</Filter>
    </ClCompile>
    <ClCompile Include="random.cpp">
      <Filter>src\math</Filter>
    </ClCompile>
    <ClCompile Include="tween.cpp">
      <Filter>src\math</Filter>
    </ClCompile>
    <ClCompile Include="value_accumulator.cpp">
      <Filter>src\math</Filter>
    </ClCompile>
    <ClCompile Include="coord.cpp">
      <Filter>src\math</Filter>
    </ClCompile>
    <ClCompile Include="scoped_vars.cpp">
      <Filter>src</Filter>
    </ClCompile>
    <ClCompile Include="input.cpp">
      <Filter>src\input</Filter>
    </ClCompile>
    <ClCompile Include="input_gamepad.cpp">
      <Filter>src\input</Filter>
    </ClCompile>
    <ClCompile Include="cmd_line.cpp">
      <Filter>src</Filter>
    </ClCompile>
    <ClCompile Include="box2d_physics_pending_collision.cpp">
      <Filter>src\box2d_physics_</Filter>
    </ClCompile>
    <ClCompile Include="tile_set_asset.cpp">
      <Filter>src\assets</Filter>
    </ClCompile>
    <ClCompile Include="tile_map_asset.cpp">
      <Filter>src\assets</Filter>
    </ClCompile>
    <ClCompile Include="render_state.cpp">
      <Filter>src\render</Filter>
    </ClCompile>
    <ClCompile Include="noise.cpp">
      <Filter>src\math</Filter>
    </ClCompile>
    <ClCompile Include="render_vertex.cpp">
      <Filter>src\render</Filter>
    </ClCompile>
    <ClCompile Include="scene_controller_required.cpp">
      <Filter>src\scenes</Filter>
    </ClCompile>
    <ClCompile Include="texture_source_base.cpp">
      <Filter>src\assets</Filter>
    </ClCompile>
    <ClCompile Include="object_pool.cpp">
      <Filter>src</Filter>
    </ClCompile>
    <ClCompile Include="scene_post_process.cpp">
      <Filter>src\scenes</Filter>
    </ClCompile>
    <ClCompile Include="simple_collision_pending_collision.cpp">
      <Filter>src\collision</Filter>
    </ClCompile>
    <ClCompile Include="simple_collision_query.cpp">
      <Filter>src\collision</Filter>
    </ClCompile>
    <ClCompile Include="simple_collision_query_callbacks.cpp">
      <Filter>src\collision</Filter>
    </ClCompile>
    <ClCompile Include="simple_collision_world.cpp">
      <Filter>src\collision</Filter>
    </ClCompile>
    <ClCompile Include="util_geo.cpp">
      <Filter>src</Filter>
    </ClCompile>
    <ClCompile Include="range.cpp">
      <Filter>src\core</Filter>
    </ClCompile>
    <ClCompile Include="timeline.cpp">
      <Filter>src\core</Filter>
    </ClCompile>
    <ClCompile Include="color.cpp">
      <Filter>src\core</Filter>
    </ClCompile>
    <ClCompile Include="vec2.cpp">
      <Filter>src\core</Filter>
    </ClCompile>
    <ClCompile Include="vec3.cpp">
      <Filter>src\core</Filter>
    </ClCompile>
    <ClCompile Include="rect.cpp">
      <Filter>src\core</Filter>
    </ClCompile>
    <ClCompile Include="bounding_box.cpp">
      <Filter>src\core</Filter>
    </ClCompile>
    <ClCompile Include="timeline_nodes.cpp">
      <Filter>src\core</Filter>
    </ClCompile>
    <ClCompile Include="timeline_nodes_key_frame.cpp">
      <Filter>src\core</Filter>
    </ClCompile>
    <ClCompile Include="timeline_key_frame.cpp">
      <Filter>src\core</Filter>
    </ClCompile>
    <ClCompile Include="scene_timeline.cpp">
      <Filter>src\scenes</Filter>
    </ClCompile>
  </ItemGroup>
  <ItemGroup>
    <ClInclude Include="bit_flag_generator.h">
      <Filter>include</Filter>
    </ClInclude>
    <ClInclude Include="asset_cache_mgr.h">
      <Filter>include</Filter>
    </ClInclude>
    <ClInclude Include="engine.h">
      <Filter>include</Filter>
    </ClInclude>
    <ClInclude Include="entity.h">
      <Filter>include</Filter>
    </ClInclude>
    <ClInclude Include="entity_component.h">
      <Filter>include</Filter>
    </ClInclude>
    <ClInclude Include="game.h">
      <Filter>include</Filter>
    </ClInclude>
    <ClInclude Include="life_cycle_mgr.h">
      <Filter>include</Filter>
    </ClInclude>
    <ClInclude Include="window.h">
      <Filter>include</Filter>
    </ClInclude>
    <ClInclude Include="warrengine.h">
      <Filter>include</Filter>
    </ClInclude>
    <ClInclude Include="tokenizer.h">
      <Filter>include</Filter>
    </ClInclude>
    <ClInclude Include="timer.h">
      <Filter>include</Filter>
    </ClInclude>
    <ClInclude Include="logfile.h">
      <Filter>include</Filter>
    </ClInclude>
    <ClInclude Include="keyvalues.h">
      <Filter>include</Filter>
    </ClInclude>
    <ClInclude Include="parser.h">
      <Filter>include</Filter>
    </ClInclude>
    <ClInclude Include="clock.h">
      <Filter>include</Filter>
    </ClInclude>
    <ClInclude Include="box2d_physics_contact_listener.h">
      <Filter>include\box2d_physics</Filter>
    </ClInclude>
    <ClInclude Include="box2d_physics_debug_draw.h">
      <Filter>include\box2d_physics</Filter>
    </ClInclude>
    <ClInclude Include="box2d_physics_query.h">
      <Filter>include\box2d_physics</Filter>
    </ClInclude>
    <ClInclude Include="box2d_physics_query_callbacks.h">
      <Filter>include\box2d_physics</Filter>
    </ClInclude>
    <ClInclude Include="slice_def_asset.h">
      <Filter>include\assets</Filter>
    </ClInclude>
    <ClInclude Include="cursor_asset.h">
      <Filter>include\assets</Filter>
    </ClInclude>
    <ClInclude Include="emitter_parameters_asset.h">
      <Filter>include\assets</Filter>
    </ClInclude>
    <ClInclude Include="font_asset.h">
      <Filter>include\assets</Filter>
    </ClInclude>
    <ClInclude Include="gradient_source_asset.h">
      <Filter>include\assets</Filter>
    </ClInclude>
    <ClInclude Include="mesh_asset.h">
      <Filter>include\assets</Filter>
    </ClInclude>
    <ClInclude Include="palette_asset.h">
      <Filter>include\assets</Filter>
    </ClInclude>
    <ClInclude Include="sound_asset.h">
      <Filter>include\assets</Filter>
    </ClInclude>
    <ClInclude Include="texture_source_asset.h">
      <Filter>include\assets</Filter>
    </ClInclude>
    <ClInclude Include="texture_asset.h">
      <Filter>include\assets</Filter>
    </ClInclude>
    <ClInclude Include="file_disk.h">
      <Filter>include\file_io</Filter>
    </ClInclude>
    <ClInclude Include="file_mem.h">
      <Filter>include\file_io</Filter>
    </ClInclude>
    <ClInclude Include="file_zip.h">
      <Filter>include\file_io</Filter>
    </ClInclude>
    <ClInclude Include="file_system.h">
      <Filter>include\file_io</Filter>
    </ClInclude>
    <ClInclude Include="scene.h">
      <Filter>include\scenes</Filter>
    </ClInclude>
    <ClInclude Include="scene_esc_menu.h">
      <Filter>include\scenes</Filter>
    </ClInclude>
    <ClInclude Include="scene_mgr.h">
      <Filter>include\scenes</Filter>
    </ClInclude>
    <ClInclude Include="particle.h">
      <Filter>include\particles</Filter>
    </ClInclude>
    <ClInclude Include="particle_emitter.h">
      <Filter>include\particles</Filter>
    </ClInclude>
    <ClInclude Include="particle_pool.h">
      <Filter>include\particles</Filter>
    </ClInclude>
    <ClInclude Include="particle_spawner.h">
      <Filter>include\particles</Filter>
    </ClInclude>
    <ClInclude Include="asset.h">
      <Filter>include\assets</Filter>
    </ClInclude>
    <ClInclude Include="asset_file_definition.h">
      <Filter>include\assets</Filter>
    </ClInclude>
    <ClInclude Include="ui_callback.h">
      <Filter>include\ui</Filter>
    </ClInclude>
    <ClInclude Include="ui_control.h">
      <Filter>include\ui</Filter>
    </ClInclude>
    <ClInclude Include="ui_mgr.h">
      <Filter>include\ui</Filter>
    </ClInclude>
    <ClInclude Include="master_enum.h">
      <Filter>include\master</Filter>
    </ClInclude>
    <ClInclude Include="master_fwd_decl.h">
      <Filter>include\master</Filter>
    </ClInclude>
    <ClInclude Include="master_header.h">
      <Filter>include\master</Filter>
    </ClInclude>
    <ClInclude Include="master_pch.h">
      <Filter>include\master</Filter>
    </ClInclude>
    <ClInclude Include="index_buffer.h">
      <Filter>include\render</Filter>
    </ClInclude>
    <ClInclude Include="render.h">
      <Filter>include\render</Filter>
    </ClInclude>
    <ClInclude Include="primitive_batch.h">
      <Filter>include\render</Filter>
    </ClInclude>
    <ClInclude Include="render_stats.h">
      <Filter>include\render</Filter>
    </ClInclude>
    <ClInclude Include="shader.h">
      <Filter>include\render</Filter>
    </ClInclude>
    <ClInclude Include="vertex_array_object.h">
      <Filter>include\render</Filter>
    </ClInclude>
    <ClInclude Include="vertex_buffer.h">
      <Filter>include\render</Filter>
    </ClInclude>
    <ClInclude Include="ui_result.h">
      <Filter>include\ui</Filter>
    </ClInclude>
    <ClInclude Include="ui_control_data.h">
      <Filter>include\ui</Filter>
    </ClInclude>
    <ClInclude Include="scene_msg_box.h">
      <Filter>include\scenes</Filter>
    </ClInclude>
    <ClInclude Include="transform.h">
      <Filter>include</Filter>
    </ClInclude>
    <ClInclude Include="util_string.h">
      <Filter>include</Filter>
    </ClInclude>
    <ClInclude Include="opengl.h">
      <Filter>include\opengl</Filter>
    </ClInclude>
    <ClInclude Include="opengl_framebuffer.h">
      <Filter>include\opengl</Filter>
    </ClInclude>
    <ClInclude Include="opengl_color_attachment.h">
      <Filter>include\opengl</Filter>
    </ClInclude>
    <ClInclude Include="matrix.h">
      <Filter>include\math</Filter>
    </ClInclude>
    <ClInclude Include="random.h">
      <Filter>include\math</Filter>
    </ClInclude>
    <ClInclude Include="tween.h">
      <Filter>include\math</Filter>
    </ClInclude>
    <ClInclude Include="value_accumulator.h">
      <Filter>include\math</Filter>
    </ClInclude>
    <ClInclude Include="coord.h">
      <Filter>include\math</Filter>
    </ClInclude>
    <ClInclude Include="scoped_vars.h">
      <Filter>include</Filter>
    </ClInclude>
    <ClInclude Include="input.h">
      <Filter>include\input</Filter>
    </ClInclude>
    <ClInclude Include="input_gamepad.h">
      <Filter>include\input</Filter>
    </ClInclude>
    <ClInclude Include="cmd_line.h">
      <Filter>include</Filter>
    </ClInclude>
    <ClInclude Include="box2d_physics_pending_collision.h">
      <Filter>include\box2d_physics</Filter>
    </ClInclude>
    <ClInclude Include="tile_set_asset.h">
      <Filter>include\assets</Filter>
    </ClInclude>
    <ClInclude Include="tile_map_asset.h">
      <Filter>include\assets</Filter>
    </ClInclude>
    <ClInclude Include="render_state.h">
      <Filter>include\render</Filter>
    </ClInclude>
    <ClInclude Include="noise.h">
      <Filter>include\math</Filter>
    </ClInclude>
    <ClInclude Include="render_vertex.h">
      <Filter>include\render</Filter>
    </ClInclude>
    <ClInclude Include="scene_controller_required.h">
      <Filter>include\scenes</Filter>
    </ClInclude>
    <ClInclude Include="texture_source_base.h">
      <Filter>include\assets</Filter>
    </ClInclude>
    <ClInclude Include="object_pool.h">
      <Filter>include</Filter>
    </ClInclude>
    <ClInclude Include="scene_post_process.h">
      <Filter>include\scenes</Filter>
    </ClInclude>
    <ClInclude Include="cache.h">
      <Filter>include</Filter>
    </ClInclude>
    <ClInclude Include="simple_collision_pending_collision.h">
      <Filter>include\collision</Filter>
    </ClInclude>
    <ClInclude Include="simple_collision_query.h">
      <Filter>include\collision</Filter>
    </ClInclude>
    <ClInclude Include="simple_collision_query_callbacks.h">
      <Filter>include\collision</Filter>
    </ClInclude>
    <ClInclude Include="simple_collision_world.h">
      <Filter>include\collision</Filter>
    </ClInclude>
    <ClInclude Include="util_geo.h">
      <Filter>include</Filter>
    </ClInclude>
    <ClInclude Include="range.h">
      <Filter>include\core</Filter>
    </ClInclude>
    <ClInclude Include="timeline.h">
      <Filter>include\core</Filter>
    </ClInclude>
    <ClInclude Include="color.h">
      <Filter>include\core</Filter>
    </ClInclude>
    <ClInclude Include="vec2.h">
      <Filter>include\core</Filter>
    </ClInclude>
    <ClInclude Include="vec3.h">
      <Filter>include\core</Filter>
    </ClInclude>
    <ClInclude Include="rect.h">
      <Filter>include\core</Filter>
    </ClInclude>
    <ClInclude Include="bounding_box.h">
      <Filter>include\core</Filter>
    </ClInclude>
    <ClInclude Include="timeline_nodes.h">
      <Filter>include\core</Filter>
    </ClInclude>
    <ClInclude Include="timeline_nodes_key_frame.h">
      <Filter>include\core</Filter>
    </ClInclude>
    <ClInclude Include="timeline_key_frame.h">
      <Filter>include\core</Filter>
    </ClInclude>
    <ClInclude Include="scene_timeline.h">
      <Filter>include\scenes</Filter>
    </ClInclude>
  </ItemGroup>
  <ItemGroup>
    <Filter Include="include">
      <UniqueIdentifier>{b547a94b-72f1-4643-8d5a-443c4026d348}</UniqueIdentifier>
    </Filter>
    <Filter Include="src">
      <UniqueIdentifier>{690e9b02-c416-473e-a16d-e17157428bb1}</UniqueIdentifier>
    </Filter>
    <Filter Include="include\assets">
      <UniqueIdentifier>{c9730713-cf76-4773-a9ed-26a85acb33bf}</UniqueIdentifier>
    </Filter>
    <Filter Include="src\assets">
      <UniqueIdentifier>{8d5f4e72-01bf-4db0-8a7e-6e2a8534dfa1}</UniqueIdentifier>
    </Filter>
    <Filter Include="src\file_io">
      <UniqueIdentifier>{49327cf0-1ce9-423b-8bba-8dde909d27a6}</UniqueIdentifier>
    </Filter>
    <Filter Include="include\file_io">
      <UniqueIdentifier>{cded905d-f42f-4a8c-a631-eb15f8f67839}</UniqueIdentifier>
    </Filter>
    <Filter Include="src\particles">
      <UniqueIdentifier>{00449f60-edfe-4f7a-8cf8-600ff49f2aab}</UniqueIdentifier>
    </Filter>
    <Filter Include="include\particles">
      <UniqueIdentifier>{325980fc-d9ba-4bed-bc08-adb4f929c18f}</UniqueIdentifier>
    </Filter>
    <Filter Include="src\ui">
      <UniqueIdentifier>{799a252c-9dcf-487b-9fd8-41fbd07ae65b}</UniqueIdentifier>
    </Filter>
    <Filter Include="include\ui">
      <UniqueIdentifier>{8732621e-d502-4b1c-a23f-2beb9b1be8bd}</UniqueIdentifier>
    </Filter>
    <Filter Include="include\master">
      <UniqueIdentifier>{e02f2294-c237-4f41-befd-ea6cfe1bc5c3}</UniqueIdentifier>
    </Filter>
    <Filter Include="src\master">
      <UniqueIdentifier>{409ce485-9fde-467a-9ccc-7089195a85c4}</UniqueIdentifier>
    </Filter>
    <Filter Include="src\render">
      <UniqueIdentifier>{6708e6a0-8a55-49a3-9ac7-35945ae9e417}</UniqueIdentifier>
    </Filter>
    <Filter Include="include\render">
      <UniqueIdentifier>{7aced078-c4af-4119-957d-865b56418c9c}</UniqueIdentifier>
    </Filter>
    <Filter Include="src\opengl">
      <UniqueIdentifier>{88a361c1-7ad6-491e-9dce-0f87411e9f3a}</UniqueIdentifier>
    </Filter>
    <Filter Include="include\opengl">
      <UniqueIdentifier>{4219c0d2-3f5f-4f3f-8586-ccfa96043aaa}</UniqueIdentifier>
    </Filter>
    <Filter Include="include\math">
      <UniqueIdentifier>{d697c078-86c4-485b-bad9-d4371a985b18}</UniqueIdentifier>
    </Filter>
    <Filter Include="src\math">
      <UniqueIdentifier>{756d839e-b63e-43b4-8ab1-0dd223bf5eb9}</UniqueIdentifier>
    </Filter>
    <Filter Include="include\input">
      <UniqueIdentifier>{cfdf1e4e-db2a-4346-8d2b-f99d25168904}</UniqueIdentifier>
    </Filter>
    <Filter Include="src\input">
      <UniqueIdentifier>{5de7850e-38aa-4745-a154-f5fef18a3abd}</UniqueIdentifier>
    </Filter>
    <Filter Include="include\scenes">
      <UniqueIdentifier>{e483fbc6-13ff-4fb1-a42c-36b4679d0590}</UniqueIdentifier>
    </Filter>
    <Filter Include="src\scenes">
      <UniqueIdentifier>{4d16d5ad-e751-47cb-acb4-3d28945b232f}</UniqueIdentifier>
    </Filter>
    <Filter Include="shaders">
      <UniqueIdentifier>{e2166101-0fe3-4d6b-bd75-fbfd996b4f56}</UniqueIdentifier>
    </Filter>
    <Filter Include="shaders\inc">
      <UniqueIdentifier>{31d337ca-a8ae-448a-a988-bb09c0251cbe}</UniqueIdentifier>
    </Filter>
    <Filter Include="include\collision">
      <UniqueIdentifier>{598adf6d-cdce-4c7c-ae51-120dc8b81736}</UniqueIdentifier>
    </Filter>
    <Filter Include="src\collision">
      <UniqueIdentifier>{2620941b-1db6-44bd-8ed1-741fd6453bd0}</UniqueIdentifier>
    </Filter>
    <Filter Include="include\box2d_physics">
      <UniqueIdentifier>{1b958ab6-60f9-4358-badf-36887469900d}</UniqueIdentifier>
    </Filter>
    <Filter Include="src\box2d_physics_">
      <UniqueIdentifier>{6282214e-3b5d-435f-aa91-11b740e74b75}</UniqueIdentifier>
    </Filter>
    <Filter Include="include\core">
      <UniqueIdentifier>{f687ebbe-080a-4f0a-b802-f7511f75988d}</UniqueIdentifier>
    </Filter>
    <Filter Include="src\core">
      <UniqueIdentifier>{9e9be2a0-fcf1-4899-932a-3b6beda3a849}</UniqueIdentifier>
    </Filter>
  </ItemGroup>
  <ItemGroup>
    <None Include="..\..\bin\data\warrengine\shaders\simple.frag">
      <Filter>shaders</Filter>
    </None>
    <None Include="..\..\bin\data\warrengine\shaders\simple.vert">
      <Filter>shaders</Filter>
    </None>
    <None Include="..\..\bin\data\warrengine\shaders\compositing_pass.frag">
      <Filter>shaders</Filter>
    </None>
    <None Include="..\..\bin\data\warrengine\shaders\base_pass.frag">
      <Filter>shaders</Filter>
    </None>
    <None Include="..\..\bin\data\warrengine\shaders\blur_box.frag">
      <Filter>shaders</Filter>
    </None>
    <None Include="..\..\bin\data\warrengine\shaders\blur_gaussian.frag">
      <Filter>shaders</Filter>
    </None>
    <None Include="..\..\bin\data\warrengine\shaders\final_pass.frag">
      <Filter>shaders</Filter>
    </None>
    <None Include="..\..\bin\data\warrengine\shaders\inc\get_sample_from_texture.frag">
      <Filter>shaders\inc</Filter>
    </None>
  </ItemGroup>
</Project>