<?xml version="1.0" encoding="utf-8"?>
<Project ToolsVersion="4.0" xmlns="http://schemas.microsoft.com/developer/msbuild/2003">
  <ItemGroup>
    <ClCompile Include="bit_flag_generator.cpp">
      <Filter>src</Filter>
    </ClCompile>
    <ClCompile Include="cache_assets.cpp">
      <Filter>src</Filter>
    </ClCompile>
    <ClCompile Include="config.cpp">
      <Filter>src</Filter>
    </ClCompile>
    <ClCompile Include="datatypes.cpp">
      <Filter>src</Filter>
    </ClCompile>
    <ClCompile Include="engine.cpp">
      <Filter>src</Filter>
    </ClCompile>
    <ClCompile Include="entity.cpp">
      <Filter>src</Filter>
    </ClCompile>
    <ClCompile Include="entity_component.cpp">
      <Filter>src</Filter>
    </ClCompile>
    <ClCompile Include="game.cpp">
      <Filter>src</Filter>
    </ClCompile>
    <ClCompile Include="i_life_cycle.cpp">
      <Filter>src</Filter>
    </ClCompile>
    <ClCompile Include="impl_header_only.cpp">
      <Filter>src</Filter>
    </ClCompile>
    <ClCompile Include="input.cpp">
      <Filter>src</Filter>
    </ClCompile>
    <ClCompile Include="keyvalues.cpp">
      <Filter>src</Filter>
    </ClCompile>
    <ClCompile Include="logfile.cpp">
      <Filter>src</Filter>
    </ClCompile>
    <ClCompile Include="matrix.cpp">
      <Filter>src</Filter>
    </ClCompile>
    <ClCompile Include="random.cpp">
      <Filter>src</Filter>
    </ClCompile>
    <ClCompile Include="timer.cpp">
      <Filter>src</Filter>
    </ClCompile>
    <ClCompile Include="tokenizer.cpp">
      <Filter>src</Filter>
    </ClCompile>
    <ClCompile Include="tween.cpp">
      <Filter>src</Filter>
    </ClCompile>
    <ClCompile Include="window.cpp">
      <Filter>src</Filter>
    </ClCompile>
    <ClCompile Include="parser.cpp">
      <Filter>src</Filter>
    </ClCompile>
    <ClCompile Include="input_gamepad.cpp">
      <Filter>src</Filter>
    </ClCompile>
    <ClCompile Include="w_time.cpp">
      <Filter>src</Filter>
    </ClCompile>
    <ClCompile Include="physics_contact_listener.cpp">
      <Filter>src\physics</Filter>
    </ClCompile>
    <ClCompile Include="physics_debug_draw.cpp">
      <Filter>src\physics</Filter>
    </ClCompile>
    <ClCompile Include="physics_query.cpp">
      <Filter>src\physics</Filter>
    </ClCompile>
    <ClCompile Include="physics_query_callbacks.cpp">
      <Filter>src\physics</Filter>
    </ClCompile>
    <ClCompile Include="a_9slice_def.cpp">
      <Filter>src\assets</Filter>
    </ClCompile>
    <ClCompile Include="a_anim_texture.cpp">
      <Filter>src\assets</Filter>
    </ClCompile>
    <ClCompile Include="a_cursor.cpp">
      <Filter>src\assets</Filter>
    </ClCompile>
    <ClCompile Include="a_emitter_params.cpp">
      <Filter>src\assets</Filter>
    </ClCompile>
    <ClCompile Include="a_font.cpp">
      <Filter>src\assets</Filter>
    </ClCompile>
    <ClCompile Include="a_gradient.cpp">
      <Filter>src\assets</Filter>
    </ClCompile>
    <ClCompile Include="a_mesh.cpp">
      <Filter>src\assets</Filter>
    </ClCompile>
    <ClCompile Include="a_palette.cpp">
      <Filter>src\assets</Filter>
    </ClCompile>
    <ClCompile Include="a_sound.cpp">
      <Filter>src\assets</Filter>
    </ClCompile>
    <ClCompile Include="a_src_texture.cpp">
      <Filter>src\assets</Filter>
    </ClCompile>
    <ClCompile Include="a_texture.cpp">
      <Filter>src\assets</Filter>
    </ClCompile>
    <ClCompile Include="file_disk.cpp">
      <Filter>src\file_io</Filter>
    </ClCompile>
    <ClCompile Include="file_mem.cpp">
      <Filter>src\file_io</Filter>
    </ClCompile>
    <ClCompile Include="file_zip.cpp">
      <Filter>src\file_io</Filter>
    </ClCompile>
    <ClCompile Include="filesystem.cpp">
      <Filter>src\file_io</Filter>
    </ClCompile>
    <ClCompile Include="layer.cpp">
      <Filter>src\layers</Filter>
    </ClCompile>
    <ClCompile Include="layer_esc_menu.cpp">
      <Filter>src\layers</Filter>
    </ClCompile>
    <ClCompile Include="layer_mgr.cpp">
      <Filter>src\layers</Filter>
    </ClCompile>
    <ClCompile Include="particle.cpp">
      <Filter>src\particles</Filter>
    </ClCompile>
    <ClCompile Include="particle_emitter.cpp">
      <Filter>src\particles</Filter>
    </ClCompile>
    <ClCompile Include="particle_pool.cpp">
      <Filter>src\particles</Filter>
    </ClCompile>
    <ClCompile Include="particle_spawner.cpp">
      <Filter>src\particles</Filter>
    </ClCompile>
    <ClCompile Include="asset.cpp">
      <Filter>src\assets</Filter>
    </ClCompile>
    <ClCompile Include="asset_definition_file.cpp">
      <Filter>src\assets</Filter>
    </ClCompile>
    <ClCompile Include="asset_definition_file_cache.cpp">
      <Filter>src\assets</Filter>
    </ClCompile>
    <ClCompile Include="ui_callback.cpp">
      <Filter>src\ui</Filter>
    </ClCompile>
    <ClCompile Include="ui_control.cpp">
      <Filter>src\ui</Filter>
    </ClCompile>
    <ClCompile Include="ui_imgui.cpp">
      <Filter>src\ui</Filter>
    </ClCompile>
    <ClCompile Include="ui_mgr.cpp">
      <Filter>src\ui</Filter>
    </ClCompile>
    <ClCompile Include="master_pch.cpp">
      <Filter>src\master</Filter>
    </ClCompile>
    <ClCompile Include="master_header.cpp">
      <Filter>src\master</Filter>
    </ClCompile>
    <ClCompile Include="index_buffer.cpp">
      <Filter>src\render</Filter>
    </ClCompile>
    <ClCompile Include="opengl.cpp">
      <Filter>src\render</Filter>
    </ClCompile>
    <ClCompile Include="opengl_framebuffer.cpp">
      <Filter>src\render</Filter>
    </ClCompile>
    <ClCompile Include="render_batch.cpp">
      <Filter>src\render</Filter>
    </ClCompile>
    <ClCompile Include="render_stats.cpp">
      <Filter>src\render</Filter>
    </ClCompile>
    <ClCompile Include="shader.cpp">
      <Filter>src\render</Filter>
    </ClCompile>
    <ClCompile Include="vertex_array_object.cpp">
      <Filter>src\render</Filter>
    </ClCompile>
    <ClCompile Include="vertex_buffer.cpp">
      <Filter>src\render</Filter>
    </ClCompile>
    <ClCompile Include="render.cpp">
      <Filter>src\render</Filter>
    </ClCompile>
    <ClCompile Include="ui_imgui_result.cpp">
      <Filter>src\ui</Filter>
    </ClCompile>
    <ClCompile Include="ui_imgui_control_data.cpp">
      <Filter>src\ui</Filter>
    </ClCompile>
    <ClCompile Include="layer_msg_box.cpp">
      <Filter>src\layers</Filter>
    </ClCompile>
    <ClCompile Include="transform.cpp">
      <Filter>src</Filter>
    </ClCompile>
    <ClCompile Include="util_string.cpp">
      <Filter>src</Filter>
    </ClCompile>
    <ClCompile Include="util_math.cpp">
      <Filter>src</Filter>
    </ClCompile>
  </ItemGroup>
  <ItemGroup>
    <ClInclude Include="bit_flag_generator.h">
      <Filter>include</Filter>
    </ClInclude>
    <ClInclude Include="cache_assets.h">
      <Filter>include</Filter>
    </ClInclude>
    <ClInclude Include="config.h">
      <Filter>include</Filter>
    </ClInclude>
    <ClInclude Include="datatypes.h">
      <Filter>include</Filter>
    </ClInclude>
    <ClInclude Include="engine.h">
      <Filter>include</Filter>
    </ClInclude>
    <ClInclude Include="entity.h">
      <Filter>include</Filter>
    </ClInclude>
    <ClInclude Include="entity_component.h">
      <Filter>include</Filter>
    </ClInclude>
    <ClInclude Include="game.h">
      <Filter>include</Filter>
    </ClInclude>
    <ClInclude Include="input.h">
      <Filter>include</Filter>
    </ClInclude>
    <ClInclude Include="i_life_cycle.h">
      <Filter>include</Filter>
    </ClInclude>
    <ClInclude Include="window.h">
      <Filter>include</Filter>
    </ClInclude>
    <ClInclude Include="warr_engine.h">
      <Filter>include</Filter>
    </ClInclude>
    <ClInclude Include="tween.h">
      <Filter>include</Filter>
    </ClInclude>
    <ClInclude Include="tokenizer.h">
      <Filter>include</Filter>
    </ClInclude>
    <ClInclude Include="timer.h">
      <Filter>include</Filter>
    </ClInclude>
    <ClInclude Include="random.h">
      <Filter>include</Filter>
    </ClInclude>
    <ClInclude Include="matrix.h">
      <Filter>include</Filter>
    </ClInclude>
    <ClInclude Include="logfile.h">
      <Filter>include</Filter>
    </ClInclude>
    <ClInclude Include="keyvalues.h">
      <Filter>include</Filter>
    </ClInclude>
    <ClInclude Include="parser.h">
      <Filter>include</Filter>
    </ClInclude>
    <ClInclude Include="input_gamepad.h">
      <Filter>include</Filter>
    </ClInclude>
    <ClInclude Include="w_time.h">
      <Filter>include</Filter>
    </ClInclude>
    <ClInclude Include="physics_contact_listener.h">
      <Filter>include\physics</Filter>
    </ClInclude>
    <ClInclude Include="physics_debug_draw.h">
      <Filter>include\physics</Filter>
    </ClInclude>
    <ClInclude Include="physics_query.h">
      <Filter>include\physics</Filter>
    </ClInclude>
    <ClInclude Include="physics_query_callbacks.h">
      <Filter>include\physics</Filter>
    </ClInclude>
    <ClInclude Include="a_9slice_def.h">
      <Filter>include\assets</Filter>
    </ClInclude>
    <ClInclude Include="a_anim_texture.h">
      <Filter>include\assets</Filter>
    </ClInclude>
    <ClInclude Include="a_cursor.h">
      <Filter>include\assets</Filter>
    </ClInclude>
    <ClInclude Include="a_emitter_params.h">
      <Filter>include\assets</Filter>
    </ClInclude>
    <ClInclude Include="a_font.h">
      <Filter>include\assets</Filter>
    </ClInclude>
    <ClInclude Include="a_gradient.h">
      <Filter>include\assets</Filter>
    </ClInclude>
    <ClInclude Include="a_mesh.h">
      <Filter>include\assets</Filter>
    </ClInclude>
    <ClInclude Include="a_palette.h">
      <Filter>include\assets</Filter>
    </ClInclude>
    <ClInclude Include="a_sound.h">
      <Filter>include\assets</Filter>
    </ClInclude>
    <ClInclude Include="a_src_texture.h">
      <Filter>include\assets</Filter>
    </ClInclude>
    <ClInclude Include="a_texture.h">
      <Filter>include\assets</Filter>
    </ClInclude>
    <ClInclude Include="file_disk.h">
      <Filter>include\file_io</Filter>
    </ClInclude>
    <ClInclude Include="file_mem.h">
      <Filter>include\file_io</Filter>
    </ClInclude>
    <ClInclude Include="file_zip.h">
      <Filter>include\file_io</Filter>
    </ClInclude>
    <ClInclude Include="filesystem.h">
      <Filter>include\file_io</Filter>
    </ClInclude>
    <ClInclude Include="layer.h">
      <Filter>include\layers</Filter>
    </ClInclude>
    <ClInclude Include="layer_esc_menu.h">
      <Filter>include\layers</Filter>
    </ClInclude>
    <ClInclude Include="layer_mgr.h">
      <Filter>include\layers</Filter>
    </ClInclude>
    <ClInclude Include="particle.h">
      <Filter>include\particles</Filter>
    </ClInclude>
    <ClInclude Include="particle_emitter.h">
      <Filter>include\particles</Filter>
    </ClInclude>
    <ClInclude Include="particle_pool.h">
      <Filter>include\particles</Filter>
    </ClInclude>
    <ClInclude Include="particle_spawner.h">
      <Filter>include\particles</Filter>
    </ClInclude>
    <ClInclude Include="asset.h">
      <Filter>include\assets</Filter>
    </ClInclude>
    <ClInclude Include="asset_definition_file.h">
      <Filter>include\assets</Filter>
    </ClInclude>
    <ClInclude Include="asset_definition_file_cache.h">
      <Filter>include\assets</Filter>
    </ClInclude>
    <ClInclude Include="ui_callback.h">
      <Filter>include\ui</Filter>
    </ClInclude>
    <ClInclude Include="ui_control.h">
      <Filter>include\ui</Filter>
    </ClInclude>
    <ClInclude Include="ui_imgui.h">
      <Filter>include\ui</Filter>
    </ClInclude>
    <ClInclude Include="ui_mgr.h">
      <Filter>include\ui</Filter>
    </ClInclude>
    <ClInclude Include="master_enum.h">
      <Filter>include\master</Filter>
    </ClInclude>
    <ClInclude Include="master_fwd_decl.h">
      <Filter>include\master</Filter>
    </ClInclude>
    <ClInclude Include="master_header.h">
      <Filter>include\master</Filter>
    </ClInclude>
    <ClInclude Include="master_pch.h">
      <Filter>include\master</Filter>
    </ClInclude>
    <ClInclude Include="index_buffer.h">
      <Filter>include\render</Filter>
    </ClInclude>
    <ClInclude Include="opengl.h">
      <Filter>include\render</Filter>
    </ClInclude>
    <ClInclude Include="opengl_framebuffer.h">
      <Filter>include\render</Filter>
    </ClInclude>
    <ClInclude Include="render.h">
      <Filter>include\render</Filter>
    </ClInclude>
    <ClInclude Include="render_batch.h">
      <Filter>include\render</Filter>
    </ClInclude>
    <ClInclude Include="render_stats.h">
      <Filter>include\render</Filter>
    </ClInclude>
    <ClInclude Include="shader.h">
      <Filter>include\render</Filter>
    </ClInclude>
    <ClInclude Include="vertex_array_object.h">
      <Filter>include\render</Filter>
    </ClInclude>
    <ClInclude Include="vertex_buffer.h">
      <Filter>include\render</Filter>
    </ClInclude>
    <ClInclude Include="ui_imgui_result.h">
      <Filter>include\ui</Filter>
    </ClInclude>
    <ClInclude Include="ui_imgui_control_data.h">
      <Filter>include\ui</Filter>
    </ClInclude>
    <ClInclude Include="layer_msg_box.h">
      <Filter>include\layers</Filter>
    </ClInclude>
    <ClInclude Include="transform.h">
      <Filter>include</Filter>
    </ClInclude>
    <ClInclude Include="util_string.h">
      <Filter>include</Filter>
    </ClInclude>
    <ClInclude Include="util_math.h">
      <Filter>include</Filter>
    </ClInclude>
  </ItemGroup>
  <ItemGroup>
    <Filter Include="include">
      <UniqueIdentifier>{b547a94b-72f1-4643-8d5a-443c4026d348}</UniqueIdentifier>
    </Filter>
    <Filter Include="src">
      <UniqueIdentifier>{690e9b02-c416-473e-a16d-e17157428bb1}</UniqueIdentifier>
    </Filter>
    <Filter Include="include\physics">
      <UniqueIdentifier>{1b958ab6-60f9-4358-badf-36887469900d}</UniqueIdentifier>
    </Filter>
    <Filter Include="src\physics">
      <UniqueIdentifier>{6282214e-3b5d-435f-aa91-11b740e74b75}</UniqueIdentifier>
    </Filter>
    <Filter Include="include\assets">
      <UniqueIdentifier>{c9730713-cf76-4773-a9ed-26a85acb33bf}</UniqueIdentifier>
    </Filter>
    <Filter Include="src\assets">
      <UniqueIdentifier>{8d5f4e72-01bf-4db0-8a7e-6e2a8534dfa1}</UniqueIdentifier>
    </Filter>
    <Filter Include="src\file_io">
      <UniqueIdentifier>{49327cf0-1ce9-423b-8bba-8dde909d27a6}</UniqueIdentifier>
    </Filter>
    <Filter Include="include\file_io">
      <UniqueIdentifier>{cded905d-f42f-4a8c-a631-eb15f8f67839}</UniqueIdentifier>
    </Filter>
    <Filter Include="include\layers">
      <UniqueIdentifier>{e483fbc6-13ff-4fb1-a42c-36b4679d0590}</UniqueIdentifier>
    </Filter>
    <Filter Include="src\layers">
      <UniqueIdentifier>{4d16d5ad-e751-47cb-acb4-3d28945b232f}</UniqueIdentifier>
    </Filter>
    <Filter Include="src\particles">
      <UniqueIdentifier>{00449f60-edfe-4f7a-8cf8-600ff49f2aab}</UniqueIdentifier>
    </Filter>
    <Filter Include="include\particles">
      <UniqueIdentifier>{325980fc-d9ba-4bed-bc08-adb4f929c18f}</UniqueIdentifier>
    </Filter>
    <Filter Include="src\ui">
      <UniqueIdentifier>{799a252c-9dcf-487b-9fd8-41fbd07ae65b}</UniqueIdentifier>
    </Filter>
    <Filter Include="include\ui">
      <UniqueIdentifier>{8732621e-d502-4b1c-a23f-2beb9b1be8bd}</UniqueIdentifier>
    </Filter>
    <Filter Include="include\master">
      <UniqueIdentifier>{e02f2294-c237-4f41-befd-ea6cfe1bc5c3}</UniqueIdentifier>
    </Filter>
    <Filter Include="src\master">
      <UniqueIdentifier>{409ce485-9fde-467a-9ccc-7089195a85c4}</UniqueIdentifier>
    </Filter>
    <Filter Include="src\render">
      <UniqueIdentifier>{6708e6a0-8a55-49a3-9ac7-35945ae9e417}</UniqueIdentifier>
    </Filter>
    <Filter Include="include\render">
      <UniqueIdentifier>{7aced078-c4af-4119-957d-865b56418c9c}</UniqueIdentifier>
    </Filter>
  </ItemGroup>
</Project>